
Microsoft Visual Studio Solution File, Format Version 12.00
# Visual Studio 15
VisualStudioVersion = 15.0.28010.2041
MinimumVisualStudioVersion = 10.0.40219.1
Project("{8BC9CEB8-8B4A-11D0-8D11-00A0C91BC942}") = "Bomberman", "Bomberman\Bomberman.vcxproj", "{6460BC7A-1750-4AE3-8374-4AFA4C389472}"
EndProject
Global
	GlobalSection(SolutionConfigurationPlatforms) = preSolution
		Debug|x64 = Debug|x64
		Debug|x86 = Debug|x86
		Release|x64 = Release|x64
		Release|x86 = Release|x86
	EndGlobalSection
	GlobalSection(ProjectConfigurationPlatforms) = postSolution
		{6460BC7A-1750-4AE3-8374-4AFA4C389472}.Debug|x64.ActiveCfg = Debug|x64
		{6460BC7A-1750-4AE3-8374-4AFA4C389472}.Debug|x64.Build.0 = Debug|x64
		{6460BC7A-1750-4AE3-8374-4AFA4C389472}.Debug|x86.ActiveCfg = Debug|Win32
		{6460BC7A-1750-4AE3-8374-4AFA4C389472}.Debug|x86.Build.0 = Debug|Win32
		{6460BC7A-1750-4AE3-8374-4AFA4C389472}.Release|x64.ActiveCfg = Release|x64
		{6460BC7A-1750-4AE3-8374-4AFA4C389472}.Release|x64.Build.0 = Release|x64
		{6460BC7A-1750-4AE3-8374-4AFA4C389472}.Release|x86.ActiveCfg = Release|Win32
		{6460BC7A-1750-4AE3-8374-4AFA4C389472}.Release|x86.Build.0 = Release|Win32
	EndGlobalSection
	GlobalSection(SolutionProperties) = preSolution
		HideSolutionNode = FALSE
	EndGlobalSection
	GlobalSection(ExtensibilityGlobals) = postSolution
		SolutionGuid = {32B79550-63E0-4363-A3B1-F641CA63DA9E}
	EndGlobalSection
EndGlobal
